
Microsoft Visual Studio Solution File, Format Version 12.00
# Visual Studio 15
VisualStudioVersion = 15.0.27703.2026
MinimumVisualStudioVersion = 10.0.40219.1
Project("{888888A0-9F3D-457C-B088-3A5042F75D52}") = "Battle_Ship", "Battle_Ship\Battle_Ship.pyproj", "{4C8C9B37-7A3B-43FA-8EBB-B14D19BA597D}"
EndProject
Global
	GlobalSection(SolutionConfigurationPlatforms) = preSolution
		Debug|Any CPU = Debug|Any CPU
		Release|Any CPU = Release|Any CPU
	EndGlobalSection
	GlobalSection(ProjectConfigurationPlatforms) = postSolution
		{4C8C9B37-7A3B-43FA-8EBB-B14D19BA597D}.Debug|Any CPU.ActiveCfg = Debug|Any CPU
		{4C8C9B37-7A3B-43FA-8EBB-B14D19BA597D}.Release|Any CPU.ActiveCfg = Release|Any CPU
	EndGlobalSection
	GlobalSection(SolutionProperties) = preSolution
		HideSolutionNode = FALSE
	EndGlobalSection
	GlobalSection(ExtensibilityGlobals) = postSolution
		SolutionGuid = {DC0DC26B-BF0E-4283-95BF-C5855A04A961}
	EndGlobalSection
EndGlobal
